
Microsoft Visual Studio Solution File, Format Version 12.00
# Visual Studio Version 16
VisualStudioVersion = 16.0.31515.178
MinimumVisualStudioVersion = 10.0.40219.1
Project("{9A19103F-16F7-4668-BE54-9A1E7A4F7556}") = "CCAP Inventory Management", "CCAP Inventory Management.csproj", "{B6D95508-FD15-4190-8FD5-B60B591D6880}"
EndProject
Global
	GlobalSection(SolutionConfigurationPlatforms) = preSolution
		Debug|Any CPU = Debug|Any CPU
		Release|Any CPU = Release|Any CPU
	EndGlobalSection
	GlobalSection(ProjectConfigurationPlatforms) = postSolution
		{B6D95508-FD15-4190-8FD5-B60B591D6880}.Debug|Any CPU.ActiveCfg = Debug|Any CPU
		{B6D95508-FD15-4190-8FD5-B60B591D6880}.Debug|Any CPU.Build.0 = Debug|Any CPU
		{B6D95508-FD15-4190-8FD5-B60B591D6880}.Release|Any CPU.ActiveCfg = Release|Any CPU
		{B6D95508-FD15-4190-8FD5-B60B591D6880}.Release|Any CPU.Build.0 = Release|Any CPU
	EndGlobalSection
	GlobalSection(SolutionProperties) = preSolution
		HideSolutionNode = FALSE
	EndGlobalSection
	GlobalSection(ExtensibilityGlobals) = postSolution
		SolutionGuid = {A32D46AC-6263-42F3-AA58-608D5D1C40DF}
	EndGlobalSection
EndGlobal
